// !$*UTF8*$!
{
	archiveVersion = 1;
	classes = {
	};
	objectVersion = 55;
	objects = {

/* Begin PBXBuildFile section */
		1E041CD428BF3F3A008F4BB7 /* AppDelegate.swift in Sources */ = {isa = PBXBuildFile; fileRef = 1E041CD328BF3F3A008F4BB7 /* AppDelegate.swift */; };
		1E041CD628BF3F3A008F4BB7 /* SceneDelegate.swift in Sources */ = {isa = PBXBuildFile; fileRef = 1E041CD528BF3F3A008F4BB7 /* SceneDelegate.swift */; };
		1E041CD828BF3F3A008F4BB7 /* ViewController.swift in Sources */ = {isa = PBXBuildFile; fileRef = 1E041CD728BF3F3A008F4BB7 /* ViewController.swift */; };
		1E041CDB28BF3F3A008F4BB7 /* Main.storyboard in Resources */ = {isa = PBXBuildFile; fileRef = 1E041CD928BF3F3A008F4BB7 /* Main.storyboard */; };
		1E041CDD28BF3F3C008F4BB7 /* Assets.xcassets in Resources */ = {isa = PBXBuildFile; fileRef = 1E041CDC28BF3F3C008F4BB7 /* Assets.xcassets */; };
		1E041CE028BF3F3C008F4BB7 /* LaunchScreen.storyboard in Resources */ = {isa = PBXBuildFile; fileRef = 1E041CDE28BF3F3C008F4BB7 /* LaunchScreen.storyboard */; };
		1E041D1828BF9CBA008F4BB7 /* MemoUIFramework.framework in Frameworks */ = {isa = PBXBuildFile; fileRef = 1E041D1428BF9CAC008F4BB7 /* MemoUIFramework.framework */; };
		1E041D1928BF9CBA008F4BB7 /* MemoUIFramework.framework in Embed Frameworks */ = {isa = PBXBuildFile; fileRef = 1E041D1428BF9CAC008F4BB7 /* MemoUIFramework.framework */; settings = {ATTRIBUTES = (CodeSignOnCopy, RemoveHeadersOnCopy, ); }; };
		1E041D1C28BF9D06008F4BB7 /* .gitignore in Resources */ = {isa = PBXBuildFile; fileRef = 1E041D1B28BF9D06008F4BB7 /* .gitignore */; };
		1E041D2028BF9F98008F4BB7 /* BaseViewController.swift in Sources */ = {isa = PBXBuildFile; fileRef = 1E041D1F28BF9F98008F4BB7 /* BaseViewController.swift */; };
		1E041D2828BFCE33008F4BB7 /* BaseTableViewCell.swift in Sources */ = {isa = PBXBuildFile; fileRef = 1E041D2728BFCE33008F4BB7 /* BaseTableViewCell.swift */; };
		1E041D3528C12301008F4BB7 /* AlertViewController.swift in Sources */ = {isa = PBXBuildFile; fileRef = 1E041D3428C12301008F4BB7 /* AlertViewController.swift */; };
		1E041D3928C126A6008F4BB7 /* Then in Frameworks */ = {isa = PBXBuildFile; productRef = 1E041D3828C126A6008F4BB7 /* Then */; };
		1E041D3C28C12A7D008F4BB7 /* BaseView.swift in Sources */ = {isa = PBXBuildFile; fileRef = 1E041D3B28C12A7D008F4BB7 /* BaseView.swift */; };
		1E041D3F28C12AEC008F4BB7 /* Constants.swift in Sources */ = {isa = PBXBuildFile; fileRef = 1E041D3E28C12AEC008F4BB7 /* Constants.swift */; };
		1E041D4128C12B10008F4BB7 /* Color.swift in Sources */ = {isa = PBXBuildFile; fileRef = 1E041D4028C12B10008F4BB7 /* Color.swift */; };
		1E041D4328C12DC1008F4BB7 /* AlertView.swift in Sources */ = {isa = PBXBuildFile; fileRef = 1E041D4228C12DC1008F4BB7 /* AlertView.swift */; };
		1E041D4528C18691008F4BB7 /* Text.swift in Sources */ = {isa = PBXBuildFile; fileRef = 1E041D4428C18691008F4BB7 /* Text.swift */; };
		1E041D4728C187EF008F4BB7 /* Font.swift in Sources */ = {isa = PBXBuildFile; fileRef = 1E041D4628C187EF008F4BB7 /* Font.swift */; };
		1E041D4F28C3B62F008F4BB7 /* MemoSearchViewController.swift in Sources */ = {isa = PBXBuildFile; fileRef = 1E041D4E28C3B62F008F4BB7 /* MemoSearchViewController.swift */; };
		1E041D5628C3CE4B008F4BB7 /* MemoSearchTableViewCell.swift in Sources */ = {isa = PBXBuildFile; fileRef = 1E041D5528C3CE4B008F4BB7 /* MemoSearchTableViewCell.swift */; };
		1E041D5928C3D2AB008F4BB7 /* RealmModel.swift in Sources */ = {isa = PBXBuildFile; fileRef = 1E041D5828C3D2AB008F4BB7 /* RealmModel.swift */; };
		1E041D5C28C3D2FE008F4BB7 /* Realm in Frameworks */ = {isa = PBXBuildFile; productRef = 1E041D5B28C3D2FE008F4BB7 /* Realm */; };
		1E041D5E28C3D2FE008F4BB7 /* RealmSwift in Frameworks */ = {isa = PBXBuildFile; productRef = 1E041D5D28C3D2FE008F4BB7 /* RealmSwift */; };
		1E041D6028C3DF02008F4BB7 /* UserMemoRepository.swift in Sources */ = {isa = PBXBuildFile; fileRef = 1E041D5F28C3DF02008F4BB7 /* UserMemoRepository.swift */; };
		1E041D6828C4EB57008F4BB7 /* SnapKit in Frameworks */ = {isa = PBXBuildFile; productRef = 1E041D6728C4EB57008F4BB7 /* SnapKit */; };
		1E041D6E28C54650008F4BB7 /* MemoWriteController.swift in Sources */ = {isa = PBXBuildFile; fileRef = 1E041D6D28C54650008F4BB7 /* MemoWriteController.swift */; };
		1EFA73A328C5EF9F00480279 /* Toast in Frameworks */ = {isa = PBXBuildFile; productRef = 1EFA73A228C5EF9F00480279 /* Toast */; };
/* End PBXBuildFile section */

/* Begin PBXContainerItemProxy section */
		1E041D1328BF9CAC008F4BB7 /* PBXContainerItemProxy */ = {
			isa = PBXContainerItemProxy;
			containerPortal = 1E041D0E28BF9CAC008F4BB7 /* MemoUIFramework.xcodeproj */;
			proxyType = 2;
			remoteGlobalIDString = 1E041CF228BF9C09008F4BB7;
			remoteInfo = MemoUIFramework;
		};
		1E041D1528BF9CAC008F4BB7 /* PBXContainerItemProxy */ = {
			isa = PBXContainerItemProxy;
			containerPortal = 1E041D0E28BF9CAC008F4BB7 /* MemoUIFramework.xcodeproj */;
			proxyType = 2;
			remoteGlobalIDString = 1E041CFC28BF9C09008F4BB7;
			remoteInfo = MemoUIFrameworkTests;
		};
/* End PBXContainerItemProxy section */

/* Begin PBXCopyFilesBuildPhase section */
		1E041D1A28BF9CBA008F4BB7 /* Embed Frameworks */ = {
			isa = PBXCopyFilesBuildPhase;
			buildActionMask = 2147483647;
			dstPath = "";
			dstSubfolderSpec = 10;
			files = (
				1E041D1928BF9CBA008F4BB7 /* MemoUIFramework.framework in Embed Frameworks */,
			);
			name = "Embed Frameworks";
			runOnlyForDeploymentPostprocessing = 0;
		};
/* End PBXCopyFilesBuildPhase section */

/* Begin PBXFileReference section */
		1E041CD028BF3F3A008F4BB7 /* SeSAC_Memo.app */ = {isa = PBXFileReference; explicitFileType = wrapper.application; includeInIndex = 0; path = SeSAC_Memo.app; sourceTree = BUILT_PRODUCTS_DIR; };
		1E041CD328BF3F3A008F4BB7 /* AppDelegate.swift */ = {isa = PBXFileReference; lastKnownFileType = sourcecode.swift; path = AppDelegate.swift; sourceTree = "<group>"; };
		1E041CD528BF3F3A008F4BB7 /* SceneDelegate.swift */ = {isa = PBXFileReference; lastKnownFileType = sourcecode.swift; path = SceneDelegate.swift; sourceTree = "<group>"; };
		1E041CD728BF3F3A008F4BB7 /* ViewController.swift */ = {isa = PBXFileReference; lastKnownFileType = sourcecode.swift; path = ViewController.swift; sourceTree = "<group>"; };
		1E041CDA28BF3F3A008F4BB7 /* Base */ = {isa = PBXFileReference; lastKnownFileType = file.storyboard; name = Base; path = Base.lproj/Main.storyboard; sourceTree = "<group>"; };
		1E041CDC28BF3F3C008F4BB7 /* Assets.xcassets */ = {isa = PBXFileReference; lastKnownFileType = folder.assetcatalog; path = Assets.xcassets; sourceTree = "<group>"; };
		1E041CDF28BF3F3C008F4BB7 /* Base */ = {isa = PBXFileReference; lastKnownFileType = file.storyboard; name = Base; path = Base.lproj/LaunchScreen.storyboard; sourceTree = "<group>"; };
		1E041CE128BF3F3C008F4BB7 /* Info.plist */ = {isa = PBXFileReference; lastKnownFileType = text.plist.xml; path = Info.plist; sourceTree = "<group>"; };
		1E041D0E28BF9CAC008F4BB7 /* MemoUIFramework.xcodeproj */ = {isa = PBXFileReference; lastKnownFileType = "wrapper.pb-project"; name = MemoUIFramework.xcodeproj; path = ../MemoUIFramework/MemoUIFramework.xcodeproj; sourceTree = "<group>"; };
		1E041D1B28BF9D06008F4BB7 /* .gitignore */ = {isa = PBXFileReference; lastKnownFileType = text; path = .gitignore; sourceTree = "<group>"; };
		1E041D1F28BF9F98008F4BB7 /* BaseViewController.swift */ = {isa = PBXFileReference; lastKnownFileType = sourcecode.swift; path = BaseViewController.swift; sourceTree = "<group>"; };
		1E041D2728BFCE33008F4BB7 /* BaseTableViewCell.swift */ = {isa = PBXFileReference; lastKnownFileType = sourcecode.swift; path = BaseTableViewCell.swift; sourceTree = "<group>"; };
		1E041D3428C12301008F4BB7 /* AlertViewController.swift */ = {isa = PBXFileReference; lastKnownFileType = sourcecode.swift; path = AlertViewController.swift; sourceTree = "<group>"; };
		1E041D3B28C12A7D008F4BB7 /* BaseView.swift */ = {isa = PBXFileReference; lastKnownFileType = sourcecode.swift; path = BaseView.swift; sourceTree = "<group>"; };
		1E041D3E28C12AEC008F4BB7 /* Constants.swift */ = {isa = PBXFileReference; lastKnownFileType = sourcecode.swift; path = Constants.swift; sourceTree = "<group>"; };
		1E041D4028C12B10008F4BB7 /* Color.swift */ = {isa = PBXFileReference; lastKnownFileType = sourcecode.swift; path = Color.swift; sourceTree = "<group>"; };
		1E041D4228C12DC1008F4BB7 /* AlertView.swift */ = {isa = PBXFileReference; lastKnownFileType = sourcecode.swift; path = AlertView.swift; sourceTree = "<group>"; };
		1E041D4428C18691008F4BB7 /* Text.swift */ = {isa = PBXFileReference; lastKnownFileType = sourcecode.swift; path = Text.swift; sourceTree = "<group>"; };
		1E041D4628C187EF008F4BB7 /* Font.swift */ = {isa = PBXFileReference; lastKnownFileType = sourcecode.swift; path = Font.swift; sourceTree = "<group>"; };
		1E041D4E28C3B62F008F4BB7 /* MemoSearchViewController.swift */ = {isa = PBXFileReference; lastKnownFileType = sourcecode.swift; path = MemoSearchViewController.swift; sourceTree = "<group>"; };
		1E041D5528C3CE4B008F4BB7 /* MemoSearchTableViewCell.swift */ = {isa = PBXFileReference; lastKnownFileType = sourcecode.swift; path = MemoSearchTableViewCell.swift; sourceTree = "<group>"; };
		1E041D5828C3D2AB008F4BB7 /* RealmModel.swift */ = {isa = PBXFileReference; lastKnownFileType = sourcecode.swift; path = RealmModel.swift; sourceTree = "<group>"; };
		1E041D5F28C3DF02008F4BB7 /* UserMemoRepository.swift */ = {isa = PBXFileReference; lastKnownFileType = sourcecode.swift; path = UserMemoRepository.swift; sourceTree = "<group>"; };
		1E041D6D28C54650008F4BB7 /* MemoWriteController.swift */ = {isa = PBXFileReference; lastKnownFileType = sourcecode.swift; path = MemoWriteController.swift; sourceTree = "<group>"; };
/* End PBXFileReference section */

/* Begin PBXFrameworksBuildPhase section */
		1E041CCD28BF3F3A008F4BB7 /* Frameworks */ = {
			isa = PBXFrameworksBuildPhase;
			buildActionMask = 2147483647;
			files = (
				1EFA73A328C5EF9F00480279 /* Toast in Frameworks */,
				1E041D5E28C3D2FE008F4BB7 /* RealmSwift in Frameworks */,
				1E041D1828BF9CBA008F4BB7 /* MemoUIFramework.framework in Frameworks */,
				1E041D3928C126A6008F4BB7 /* Then in Frameworks */,
				1E041D5C28C3D2FE008F4BB7 /* Realm in Frameworks */,
				1E041D6828C4EB57008F4BB7 /* SnapKit in Frameworks */,
			);
			runOnlyForDeploymentPostprocessing = 0;
		};
/* End PBXFrameworksBuildPhase section */

/* Begin PBXGroup section */
		1E041CC728BF3F3A008F4BB7 = {
			isa = PBXGroup;
			children = (
				1E041D1B28BF9D06008F4BB7 /* .gitignore */,
				1E041D0E28BF9CAC008F4BB7 /* MemoUIFramework.xcodeproj */,
				1E041CD228BF3F3A008F4BB7 /* SeSAC_Memo */,
				1E041CD128BF3F3A008F4BB7 /* Products */,
				1E041D1728BF9CBA008F4BB7 /* Frameworks */,
			);
			sourceTree = "<group>";
		};
		1E041CD128BF3F3A008F4BB7 /* Products */ = {
			isa = PBXGroup;
			children = (
				1E041CD028BF3F3A008F4BB7 /* SeSAC_Memo.app */,
			);
			name = Products;
			sourceTree = "<group>";
		};
		1E041CD228BF3F3A008F4BB7 /* SeSAC_Memo */ = {
			isa = PBXGroup;
			children = (
				1E041D5728C3D2A0008F4BB7 /* Realm */,
				1E041D3028C122EA008F4BB7 /* Scene */,
				1E041D1E28BF9F45008F4BB7 /* Utility */,
				1E041D1D28BF9EE5008F4BB7 /* Application */,
				1E041CD728BF3F3A008F4BB7 /* ViewController.swift */,
				1E041CD928BF3F3A008F4BB7 /* Main.storyboard */,
				1E041CDC28BF3F3C008F4BB7 /* Assets.xcassets */,
				1E041CDE28BF3F3C008F4BB7 /* LaunchScreen.storyboard */,
				1E041CE128BF3F3C008F4BB7 /* Info.plist */,
			);
			path = SeSAC_Memo;
			sourceTree = "<group>";
		};
		1E041D0F28BF9CAC008F4BB7 /* Products */ = {
			isa = PBXGroup;
			children = (
				1E041D1428BF9CAC008F4BB7 /* MemoUIFramework.framework */,
				1E041D1628BF9CAC008F4BB7 /* MemoUIFrameworkTests.xctest */,
			);
			name = Products;
			sourceTree = "<group>";
		};
		1E041D1728BF9CBA008F4BB7 /* Frameworks */ = {
			isa = PBXGroup;
			children = (
			);
			name = Frameworks;
			sourceTree = "<group>";
		};
		1E041D1D28BF9EE5008F4BB7 /* Application */ = {
			isa = PBXGroup;
			children = (
				1E041CD328BF3F3A008F4BB7 /* AppDelegate.swift */,
				1E041CD528BF3F3A008F4BB7 /* SceneDelegate.swift */,
			);
			path = Application;
			sourceTree = "<group>";
		};
		1E041D1E28BF9F45008F4BB7 /* Utility */ = {
			isa = PBXGroup;
			children = (
				1E041D2628BFCE22008F4BB7 /* CustomView */,
				1E041D3D28C12AD8008F4BB7 /* Constants */,
			);
			path = Utility;
			sourceTree = "<group>";
		};
		1E041D2628BFCE22008F4BB7 /* CustomView */ = {
			isa = PBXGroup;
			children = (
				1E041D1F28BF9F98008F4BB7 /* BaseViewController.swift */,
				1E041D2728BFCE33008F4BB7 /* BaseTableViewCell.swift */,
				1E041D3B28C12A7D008F4BB7 /* BaseView.swift */,
			);
			path = CustomView;
			sourceTree = "<group>";
		};
		1E041D3028C122EA008F4BB7 /* Scene */ = {
			isa = PBXGroup;
			children = (
				1E041D6C28C54632008F4BB7 /* MemoWrite */,
				1E041D4D28C3B621008F4BB7 /* MemoSearch */,
				1E041D3328C122EF008F4BB7 /* Alert */,
			);
			path = Scene;
			sourceTree = "<group>";
		};
		1E041D3328C122EF008F4BB7 /* Alert */ = {
			isa = PBXGroup;
			children = (
				1E041D5328C3CE2F008F4BB7 /* View */,
				1E041D3428C12301008F4BB7 /* AlertViewController.swift */,
			);
			path = Alert;
			sourceTree = "<group>";
		};
		1E041D3D28C12AD8008F4BB7 /* Constants */ = {
			isa = PBXGroup;
			children = (
				1E041D3E28C12AEC008F4BB7 /* Constants.swift */,
				1E041D4028C12B10008F4BB7 /* Color.swift */,
				1E041D4428C18691008F4BB7 /* Text.swift */,
				1E041D4628C187EF008F4BB7 /* Font.swift */,
			);
			path = Constants;
			sourceTree = "<group>";
		};
		1E041D4D28C3B621008F4BB7 /* MemoSearch */ = {
			isa = PBXGroup;
			children = (
				1E041D5428C3CE3A008F4BB7 /* View */,
				1E041D4E28C3B62F008F4BB7 /* MemoSearchViewController.swift */,
			);
			path = MemoSearch;
			sourceTree = "<group>";
		};
		1E041D5328C3CE2F008F4BB7 /* View */ = {
			isa = PBXGroup;
			children = (
				1E041D4228C12DC1008F4BB7 /* AlertView.swift */,
			);
			path = View;
			sourceTree = "<group>";
		};
		1E041D5428C3CE3A008F4BB7 /* View */ = {
			isa = PBXGroup;
			children = (
				1E041D5528C3CE4B008F4BB7 /* MemoSearchTableViewCell.swift */,
			);
			path = View;
			sourceTree = "<group>";
		};
		1E041D5728C3D2A0008F4BB7 /* Realm */ = {
			isa = PBXGroup;
			children = (
				1E041D5828C3D2AB008F4BB7 /* RealmModel.swift */,
				1E041D5F28C3DF02008F4BB7 /* UserMemoRepository.swift */,
			);
			path = Realm;
			sourceTree = "<group>";
		};
		1E041D6C28C54632008F4BB7 /* MemoWrite */ = {
			isa = PBXGroup;
			children = (
				1E041D6D28C54650008F4BB7 /* MemoWriteController.swift */,
			);
			path = MemoWrite;
			sourceTree = "<group>";
		};
/* End PBXGroup section */

/* Begin PBXNativeTarget section */
		1E041CCF28BF3F3A008F4BB7 /* SeSAC_Memo */ = {
			isa = PBXNativeTarget;
			buildConfigurationList = 1E041CE428BF3F3C008F4BB7 /* Build configuration list for PBXNativeTarget "SeSAC_Memo" */;
			buildPhases = (
				1E041CCC28BF3F3A008F4BB7 /* Sources */,
				1E041CCD28BF3F3A008F4BB7 /* Frameworks */,
				1E041CCE28BF3F3A008F4BB7 /* Resources */,
				1E041D1A28BF9CBA008F4BB7 /* Embed Frameworks */,
			);
			buildRules = (
			);
			dependencies = (
			);
			name = SeSAC_Memo;
			packageProductDependencies = (
				1E041D3828C126A6008F4BB7 /* Then */,
				1E041D5B28C3D2FE008F4BB7 /* Realm */,
				1E041D5D28C3D2FE008F4BB7 /* RealmSwift */,
				1E041D6728C4EB57008F4BB7 /* SnapKit */,
				1EFA73A228C5EF9F00480279 /* Toast */,
			);
			productName = SeSAC_Memo;
			productReference = 1E041CD028BF3F3A008F4BB7 /* SeSAC_Memo.app */;
			productType = "com.apple.product-type.application";
		};
/* End PBXNativeTarget section */

/* Begin PBXProject section */
		1E041CC828BF3F3A008F4BB7 /* Project object */ = {
			isa = PBXProject;
			attributes = {
				BuildIndependentTargetsInParallel = 1;
				LastSwiftUpdateCheck = 1340;
				LastUpgradeCheck = 1340;
				TargetAttributes = {
					1E041CCF28BF3F3A008F4BB7 = {
						CreatedOnToolsVersion = 13.4.1;
					};
				};
			};
			buildConfigurationList = 1E041CCB28BF3F3A008F4BB7 /* Build configuration list for PBXProject "SeSAC_Memo" */;
			compatibilityVersion = "Xcode 13.0";
			developmentRegion = en;
			hasScannedForEncodings = 0;
			knownRegions = (
				en,
				Base,
			);
			mainGroup = 1E041CC728BF3F3A008F4BB7;
			packageReferences = (
				1E041D3728C126A6008F4BB7 /* XCRemoteSwiftPackageReference "Then" */,
				1E041D5A28C3D2FE008F4BB7 /* XCRemoteSwiftPackageReference "realm-swift" */,
				1E041D6628C4EB57008F4BB7 /* XCRemoteSwiftPackageReference "SnapKit" */,
				1EFA73A128C5EF9F00480279 /* XCRemoteSwiftPackageReference "Toast-Swift" */,
			);
			productRefGroup = 1E041CD128BF3F3A008F4BB7 /* Products */;
			projectDirPath = "";
			projectReferences = (
				{
					ProductGroup = 1E041D0F28BF9CAC008F4BB7 /* Products */;
					ProjectRef = 1E041D0E28BF9CAC008F4BB7 /* MemoUIFramework.xcodeproj */;
				},
			);
			projectRoot = "";
			targets = (
				1E041CCF28BF3F3A008F4BB7 /* SeSAC_Memo */,
			);
		};
/* End PBXProject section */

/* Begin PBXReferenceProxy section */
		1E041D1428BF9CAC008F4BB7 /* MemoUIFramework.framework */ = {
			isa = PBXReferenceProxy;
			fileType = wrapper.framework;
			path = MemoUIFramework.framework;
			remoteRef = 1E041D1328BF9CAC008F4BB7 /* PBXContainerItemProxy */;
			sourceTree = BUILT_PRODUCTS_DIR;
		};
		1E041D1628BF9CAC008F4BB7 /* MemoUIFrameworkTests.xctest */ = {
			isa = PBXReferenceProxy;
			fileType = wrapper.cfbundle;
			path = MemoUIFrameworkTests.xctest;
			remoteRef = 1E041D1528BF9CAC008F4BB7 /* PBXContainerItemProxy */;
			sourceTree = BUILT_PRODUCTS_DIR;
		};
/* End PBXReferenceProxy section */

/* Begin PBXResourcesBuildPhase section */
		1E041CCE28BF3F3A008F4BB7 /* Resources */ = {
			isa = PBXResourcesBuildPhase;
			buildActionMask = 2147483647;
			files = (
				1E041D1C28BF9D06008F4BB7 /* .gitignore in Resources */,
				1E041CE028BF3F3C008F4BB7 /* LaunchScreen.storyboard in Resources */,
				1E041CDD28BF3F3C008F4BB7 /* Assets.xcassets in Resources */,
				1E041CDB28BF3F3A008F4BB7 /* Main.storyboard in Resources */,
			);
			runOnlyForDeploymentPostprocessing = 0;
		};
/* End PBXResourcesBuildPhase section */

/* Begin PBXSourcesBuildPhase section */
		1E041CCC28BF3F3A008F4BB7 /* Sources */ = {
			isa = PBXSourcesBuildPhase;
			buildActionMask = 2147483647;
			files = (
				1E041CD828BF3F3A008F4BB7 /* ViewController.swift in Sources */,
				1E041D3528C12301008F4BB7 /* AlertViewController.swift in Sources */,
				1E041D4F28C3B62F008F4BB7 /* MemoSearchViewController.swift in Sources */,
				1E041D2028BF9F98008F4BB7 /* BaseViewController.swift in Sources */,
				1E041CD428BF3F3A008F4BB7 /* AppDelegate.swift in Sources */,
				1E041D4328C12DC1008F4BB7 /* AlertView.swift in Sources */,
				1E041D6E28C54650008F4BB7 /* MemoWriteController.swift in Sources */,
				1E041D5628C3CE4B008F4BB7 /* MemoSearchTableViewCell.swift in Sources */,
				1E041D3C28C12A7D008F4BB7 /* BaseView.swift in Sources */,
				1E041D2828BFCE33008F4BB7 /* BaseTableViewCell.swift in Sources */,
				1E041D6028C3DF02008F4BB7 /* UserMemoRepository.swift in Sources */,
				1E041D4728C187EF008F4BB7 /* Font.swift in Sources */,
				1E041CD628BF3F3A008F4BB7 /* SceneDelegate.swift in Sources */,
				1E041D3F28C12AEC008F4BB7 /* Constants.swift in Sources */,
				1E041D5928C3D2AB008F4BB7 /* RealmModel.swift in Sources */,
				1E041D4528C18691008F4BB7 /* Text.swift in Sources */,
				1E041D4128C12B10008F4BB7 /* Color.swift in Sources */,
			);
			runOnlyForDeploymentPostprocessing = 0;
		};
/* End PBXSourcesBuildPhase section */

/* Begin PBXVariantGroup section */
		1E041CD928BF3F3A008F4BB7 /* Main.storyboard */ = {
			isa = PBXVariantGroup;
			children = (
				1E041CDA28BF3F3A008F4BB7 /* Base */,
			);
			name = Main.storyboard;
			sourceTree = "<group>";
		};
		1E041CDE28BF3F3C008F4BB7 /* LaunchScreen.storyboard */ = {
			isa = PBXVariantGroup;
			children = (
				1E041CDF28BF3F3C008F4BB7 /* Base */,
			);
			name = LaunchScreen.storyboard;
			sourceTree = "<group>";
		};
/* End PBXVariantGroup section */

/* Begin XCBuildConfiguration section */
		1E041CE228BF3F3C008F4BB7 /* Debug */ = {
			isa = XCBuildConfiguration;
			buildSettings = {
				ALWAYS_SEARCH_USER_PATHS = NO;
				CLANG_ANALYZER_NONNULL = YES;
				CLANG_ANALYZER_NUMBER_OBJECT_CONVERSION = YES_AGGRESSIVE;
				CLANG_CXX_LANGUAGE_STANDARD = "gnu++17";
				CLANG_ENABLE_MODULES = YES;
				CLANG_ENABLE_OBJC_ARC = YES;
				CLANG_ENABLE_OBJC_WEAK = YES;
				CLANG_WARN_BLOCK_CAPTURE_AUTORELEASING = YES;
				CLANG_WARN_BOOL_CONVERSION = YES;
				CLANG_WARN_COMMA = YES;
				CLANG_WARN_CONSTANT_CONVERSION = YES;
				CLANG_WARN_DEPRECATED_OBJC_IMPLEMENTATIONS = YES;
				CLANG_WARN_DIRECT_OBJC_ISA_USAGE = YES_ERROR;
				CLANG_WARN_DOCUMENTATION_COMMENTS = YES;
				CLANG_WARN_EMPTY_BODY = YES;
				CLANG_WARN_ENUM_CONVERSION = YES;
				CLANG_WARN_INFINITE_RECURSION = YES;
				CLANG_WARN_INT_CONVERSION = YES;
				CLANG_WARN_NON_LITERAL_NULL_CONVERSION = YES;
				CLANG_WARN_OBJC_IMPLICIT_RETAIN_SELF = YES;
				CLANG_WARN_OBJC_LITERAL_CONVERSION = YES;
				CLANG_WARN_OBJC_ROOT_CLASS = YES_ERROR;
				CLANG_WARN_QUOTED_INCLUDE_IN_FRAMEWORK_HEADER = YES;
				CLANG_WARN_RANGE_LOOP_ANALYSIS = YES;
				CLANG_WARN_STRICT_PROTOTYPES = YES;
				CLANG_WARN_SUSPICIOUS_MOVE = YES;
				CLANG_WARN_UNGUARDED_AVAILABILITY = YES_AGGRESSIVE;
				CLANG_WARN_UNREACHABLE_CODE = YES;
				CLANG_WARN__DUPLICATE_METHOD_MATCH = YES;
				COPY_PHASE_STRIP = NO;
				DEBUG_INFORMATION_FORMAT = dwarf;
				ENABLE_STRICT_OBJC_MSGSEND = YES;
				ENABLE_TESTABILITY = YES;
				GCC_C_LANGUAGE_STANDARD = gnu11;
				GCC_DYNAMIC_NO_PIC = NO;
				GCC_NO_COMMON_BLOCKS = YES;
				GCC_OPTIMIZATION_LEVEL = 0;
				GCC_PREPROCESSOR_DEFINITIONS = (
					"DEBUG=1",
					"$(inherited)",
				);
				GCC_WARN_64_TO_32_BIT_CONVERSION = YES;
				GCC_WARN_ABOUT_RETURN_TYPE = YES_ERROR;
				GCC_WARN_UNDECLARED_SELECTOR = YES;
				GCC_WARN_UNINITIALIZED_AUTOS = YES_AGGRESSIVE;
				GCC_WARN_UNUSED_FUNCTION = YES;
				GCC_WARN_UNUSED_VARIABLE = YES;
				IPHONEOS_DEPLOYMENT_TARGET = 15.5;
				MTL_ENABLE_DEBUG_INFO = INCLUDE_SOURCE;
				MTL_FAST_MATH = YES;
				ONLY_ACTIVE_ARCH = YES;
				SDKROOT = iphoneos;
				SWIFT_ACTIVE_COMPILATION_CONDITIONS = DEBUG;
				SWIFT_OPTIMIZATION_LEVEL = "-Onone";
			};
			name = Debug;
		};
		1E041CE328BF3F3C008F4BB7 /* Release */ = {
			isa = XCBuildConfiguration;
			buildSettings = {
				ALWAYS_SEARCH_USER_PATHS = NO;
				CLANG_ANALYZER_NONNULL = YES;
				CLANG_ANALYZER_NUMBER_OBJECT_CONVERSION = YES_AGGRESSIVE;
				CLANG_CXX_LANGUAGE_STANDARD = "gnu++17";
				CLANG_ENABLE_MODULES = YES;
				CLANG_ENABLE_OBJC_ARC = YES;
				CLANG_ENABLE_OBJC_WEAK = YES;
				CLANG_WARN_BLOCK_CAPTURE_AUTORELEASING = YES;
				CLANG_WARN_BOOL_CONVERSION = YES;
				CLANG_WARN_COMMA = YES;
				CLANG_WARN_CONSTANT_CONVERSION = YES;
				CLANG_WARN_DEPRECATED_OBJC_IMPLEMENTATIONS = YES;
				CLANG_WARN_DIRECT_OBJC_ISA_USAGE = YES_ERROR;
				CLANG_WARN_DOCUMENTATION_COMMENTS = YES;
				CLANG_WARN_EMPTY_BODY = YES;
				CLANG_WARN_ENUM_CONVERSION = YES;
				CLANG_WARN_INFINITE_RECURSION = YES;
				CLANG_WARN_INT_CONVERSION = YES;
				CLANG_WARN_NON_LITERAL_NULL_CONVERSION = YES;
				CLANG_WARN_OBJC_IMPLICIT_RETAIN_SELF = YES;
				CLANG_WARN_OBJC_LITERAL_CONVERSION = YES;
				CLANG_WARN_OBJC_ROOT_CLASS = YES_ERROR;
				CLANG_WARN_QUOTED_INCLUDE_IN_FRAMEWORK_HEADER = YES;
				CLANG_WARN_RANGE_LOOP_ANALYSIS = YES;
				CLANG_WARN_STRICT_PROTOTYPES = YES;
				CLANG_WARN_SUSPICIOUS_MOVE = YES;
				CLANG_WARN_UNGUARDED_AVAILABILITY = YES_AGGRESSIVE;
				CLANG_WARN_UNREACHABLE_CODE = YES;
				CLANG_WARN__DUPLICATE_METHOD_MATCH = YES;
				COPY_PHASE_STRIP = NO;
				DEBUG_INFORMATION_FORMAT = "dwarf-with-dsym";
				ENABLE_NS_ASSERTIONS = NO;
				ENABLE_STRICT_OBJC_MSGSEND = YES;
				GCC_C_LANGUAGE_STANDARD = gnu11;
				GCC_NO_COMMON_BLOCKS = YES;
				GCC_WARN_64_TO_32_BIT_CONVERSION = YES;
				GCC_WARN_ABOUT_RETURN_TYPE = YES_ERROR;
				GCC_WARN_UNDECLARED_SELECTOR = YES;
				GCC_WARN_UNINITIALIZED_AUTOS = YES_AGGRESSIVE;
				GCC_WARN_UNUSED_FUNCTION = YES;
				GCC_WARN_UNUSED_VARIABLE = YES;
				IPHONEOS_DEPLOYMENT_TARGET = 15.5;
				MTL_ENABLE_DEBUG_INFO = NO;
				MTL_FAST_MATH = YES;
				SDKROOT = iphoneos;
				SWIFT_COMPILATION_MODE = wholemodule;
				SWIFT_OPTIMIZATION_LEVEL = "-O";
				VALIDATE_PRODUCT = YES;
			};
			name = Release;
		};
		1E041CE528BF3F3C008F4BB7 /* Debug */ = {
			isa = XCBuildConfiguration;
			buildSettings = {
				ASSETCATALOG_COMPILER_APPICON_NAME = AppIcon;
				ASSETCATALOG_COMPILER_GLOBAL_ACCENT_COLOR_NAME = AccentColor;
				CODE_SIGN_STYLE = Automatic;
				CURRENT_PROJECT_VERSION = 1;
				DEVELOPMENT_TEAM = AFMSUTLF6S;
				GENERATE_INFOPLIST_FILE = YES;
				INFOPLIST_FILE = SeSAC_Memo/Info.plist;
				INFOPLIST_KEY_UIApplicationSupportsIndirectInputEvents = YES;
				INFOPLIST_KEY_UILaunchStoryboardName = LaunchScreen;
				INFOPLIST_KEY_UIMainStoryboardFile = Main;
				INFOPLIST_KEY_UISupportedInterfaceOrientations_iPad = "UIInterfaceOrientationPortrait UIInterfaceOrientationPortraitUpsideDown UIInterfaceOrientationLandscapeLeft UIInterfaceOrientationLandscapeRight";
				INFOPLIST_KEY_UISupportedInterfaceOrientations_iPhone = "UIInterfaceOrientationPortrait UIInterfaceOrientationLandscapeLeft UIInterfaceOrientationLandscapeRight";
				LD_RUNPATH_SEARCH_PATHS = (
					"$(inherited)",
					"@executable_path/Frameworks",
				);
				MARKETING_VERSION = 1.0;
				PRODUCT_BUNDLE_IDENTIFIER = "com.sesac.SeSAC-Memo";
				PRODUCT_NAME = "$(TARGET_NAME)";
				SWIFT_EMIT_LOC_STRINGS = YES;
				SWIFT_VERSION = 5.0;
				TARGETED_DEVICE_FAMILY = "1,2";
			};
			name = Debug;
		};
		1E041CE628BF3F3C008F4BB7 /* Release */ = {
			isa = XCBuildConfiguration;
			buildSettings = {
				ASSETCATALOG_COMPILER_APPICON_NAME = AppIcon;
				ASSETCATALOG_COMPILER_GLOBAL_ACCENT_COLOR_NAME = AccentColor;
				CODE_SIGN_STYLE = Automatic;
				CURRENT_PROJECT_VERSION = 1;
				DEVELOPMENT_TEAM = AFMSUTLF6S;
				GENERATE_INFOPLIST_FILE = YES;
				INFOPLIST_FILE = SeSAC_Memo/Info.plist;
				INFOPLIST_KEY_UIApplicationSupportsIndirectInputEvents = YES;
				INFOPLIST_KEY_UILaunchStoryboardName = LaunchScreen;
				INFOPLIST_KEY_UIMainStoryboardFile = Main;
				INFOPLIST_KEY_UISupportedInterfaceOrientations_iPad = "UIInterfaceOrientationPortrait UIInterfaceOrientationPortraitUpsideDown UIInterfaceOrientationLandscapeLeft UIInterfaceOrientationLandscapeRight";
				INFOPLIST_KEY_UISupportedInterfaceOrientations_iPhone = "UIInterfaceOrientationPortrait UIInterfaceOrientationLandscapeLeft UIInterfaceOrientationLandscapeRight";
				LD_RUNPATH_SEARCH_PATHS = (
					"$(inherited)",
					"@executable_path/Frameworks",
				);
				MARKETING_VERSION = 1.0;
				PRODUCT_BUNDLE_IDENTIFIER = "com.sesac.SeSAC-Memo";
				PRODUCT_NAME = "$(TARGET_NAME)";
				SWIFT_EMIT_LOC_STRINGS = YES;
				SWIFT_VERSION = 5.0;
				TARGETED_DEVICE_FAMILY = "1,2";
			};
			name = Release;
		};
/* End XCBuildConfiguration section */

/* Begin XCConfigurationList section */
		1E041CCB28BF3F3A008F4BB7 /* Build configuration list for PBXProject "SeSAC_Memo" */ = {
			isa = XCConfigurationList;
			buildConfigurations = (
				1E041CE228BF3F3C008F4BB7 /* Debug */,
				1E041CE328BF3F3C008F4BB7 /* Release */,
			);
			defaultConfigurationIsVisible = 0;
			defaultConfigurationName = Release;
		};
		1E041CE428BF3F3C008F4BB7 /* Build configuration list for PBXNativeTarget "SeSAC_Memo" */ = {
			isa = XCConfigurationList;
			buildConfigurations = (
				1E041CE528BF3F3C008F4BB7 /* Debug */,
				1E041CE628BF3F3C008F4BB7 /* Release */,
			);
			defaultConfigurationIsVisible = 0;
			defaultConfigurationName = Release;
		};
/* End XCConfigurationList section */

/* Begin XCRemoteSwiftPackageReference section */
		1E041D3728C126A6008F4BB7 /* XCRemoteSwiftPackageReference "Then" */ = {
			isa = XCRemoteSwiftPackageReference;
			repositoryURL = "https://github.com/devxoul/Then.git";
			requirement = {
				kind = upToNextMajorVersion;
				minimumVersion = 3.0.0;
			};
		};
		1E041D5A28C3D2FE008F4BB7 /* XCRemoteSwiftPackageReference "realm-swift" */ = {
			isa = XCRemoteSwiftPackageReference;
			repositoryURL = "https://github.com/realm/realm-swift.git";
			requirement = {
				branch = master;
				kind = branch;
			};
		};
		1E041D6628C4EB57008F4BB7 /* XCRemoteSwiftPackageReference "SnapKit" */ = {
			isa = XCRemoteSwiftPackageReference;
			repositoryURL = "https://github.com/SnapKit/SnapKit.git";
			requirement = {
				kind = upToNextMajorVersion;
				minimumVersion = 5.0.0;
			};
		};
		1EFA73A128C5EF9F00480279 /* XCRemoteSwiftPackageReference "Toast-Swift" */ = {
			isa = XCRemoteSwiftPackageReference;
			repositoryURL = "https://github.com/scalessec/Toast-Swift.git";
			requirement = {
				branch = master;
				kind = branch;
			};
		};
/* End XCRemoteSwiftPackageReference section */

/* Begin XCSwiftPackageProductDependency section */
		1E041D3828C126A6008F4BB7 /* Then */ = {
			isa = XCSwiftPackageProductDependency;
			package = 1E041D3728C126A6008F4BB7 /* XCRemoteSwiftPackageReference "Then" */;
			productName = Then;
		};
		1E041D5B28C3D2FE008F4BB7 /* Realm */ = {
			isa = XCSwiftPackageProductDependency;
			package = 1E041D5A28C3D2FE008F4BB7 /* XCRemoteSwiftPackageReference "realm-swift" */;
			productName = Realm;
		};
		1E041D5D28C3D2FE008F4BB7 /* RealmSwift */ = {
			isa = XCSwiftPackageProductDependency;
			package = 1E041D5A28C3D2FE008F4BB7 /* XCRemoteSwiftPackageReference "realm-swift" */;
			productName = RealmSwift;
		};
		1E041D6728C4EB57008F4BB7 /* SnapKit */ = {
			isa = XCSwiftPackageProductDependency;
			package = 1E041D6628C4EB57008F4BB7 /* XCRemoteSwiftPackageReference "SnapKit" */;
			productName = SnapKit;
		};
		1EFA73A228C5EF9F00480279 /* Toast */ = {
			isa = XCSwiftPackageProductDependency;
			package = 1EFA73A128C5EF9F00480279 /* XCRemoteSwiftPackageReference "Toast-Swift" */;
			productName = Toast;
		};
/* End XCSwiftPackageProductDependency section */
	};
	rootObject = 1E041CC828BF3F3A008F4BB7 /* Project object */;
}
